
Microsoft Visual Studio Solution File, Format Version 12.00
# Visual Studio Version 16
VisualStudioVersion = 16.0.30406.217
MinimumVisualStudioVersion = 10.0.40219.1
Project("{FAE04EC0-301F-11D3-BF4B-00C04F79EFBC}") = "Day1Calculator", "Day1Calculator\Day1Calculator.csproj", "{A5D36F58-437B-4679-8116-74FC4C4394AA}"
EndProject
Project("{FAE04EC0-301F-11D3-BF4B-00C04F79EFBC}") = "Day3InterfaceCalculator", "Day3InterfaceCalculator\Day3InterfaceCalculator.csproj", "{BC826006-1D91-411D-BF27-59D1BB39453C}"
EndProject
Project("{FAE04EC0-301F-11D3-BF4B-00C04F79EFBC}") = "DailyProject", "DailyProject\DailyProject.csproj", "{F2E350B9-7E8D-45B4-9468-78624A4C4A9E}"
EndProject
Project("{FAE04EC0-301F-11D3-BF4B-00C04F79EFBC}") = "Day4AreaOfSquare", "Day4AreaOfSquare\Day4AreaOfSquare.csproj", "{1463C4E3-72BD-4D29-95F1-84355CBB617D}"
EndProject
Project("{FAE04EC0-301F-11D3-BF4B-00C04F79EFBC}") = "Day4AbstractAddition", "Day4AbstractAddition\Day4AbstractAddition.csproj", "{D594D3CC-F1A2-4F5F-A544-4C99AD954579}"
EndProject
Project("{FAE04EC0-301F-11D3-BF4B-00C04F79EFBC}") = "Day4ConstructorCalculator", "Day4ConstructorCalculator\Day4ConstructorCalculator.csproj", "{32054221-72C3-4CC2-8FE5-DD918325314F}"
EndProject
Project("{FAE04EC0-301F-11D3-BF4B-00C04F79EFBC}") = "Day4ListCalculator", "Day4ListCalculator\Day4ListCalculator.csproj", "{A7C02C18-AB4B-4B3E-B156-C957BB9210E4}"
EndProject
Project("{FAE04EC0-301F-11D3-BF4B-00C04F79EFBC}") = "Day5FileCalculator", "Day5FileCalculator\Day5FileCalculator.csproj", "{C8CF4E7A-37E0-4709-ADEB-B15BDD19DA20}"
EndProject
Project("{FAE04EC0-301F-11D3-BF4B-00C04F79EFBC}") = "Day5StringCompare", "Day5StringCompare\Day5StringCompare.csproj", "{F5B57B7A-8715-41E1-BF05-527A1B03E208}"
EndProject
Project("{FAE04EC0-301F-11D3-BF4B-00C04F79EFBC}") = "Day6GetAssemblyPath", "Day6GetAssemblyPath\Day6GetAssemblyPath.csproj", "{24E2AF75-55AE-4E29-8CF5-1B10B3D5A50A}"
EndProject
Project("{FAE04EC0-301F-11D3-BF4B-00C04F79EFBC}") = "Day6LetterOccurrence", "Day6LetterOccurrence\Day6LetterOccurrence.csproj", "{54EBAAA0-31B9-4BB3-87C3-50425DBD1E19}"
EndProject
Project("{FAE04EC0-301F-11D3-BF4B-00C04F79EFBC}") = "Day6SentenceSort", "Day6SentenceSort\Day6SentenceSort.csproj", "{D8A8FE9E-AE91-4ADB-8A70-79147272B511}"
EndProject
Project("{FAE04EC0-301F-11D3-BF4B-00C04F79EFBC}") = "Day7SQLConnection", "Day7SQLConnection\Day7SQLConnection.csproj", "{6D352D37-C5ED-4FEB-BC7C-5C0D9F727225}"
EndProject
Project("{FAE04EC0-301F-11D3-BF4B-00C04F79EFBC}") = "WebApplication1", "WebApplication1\WebApplication1.csproj", "{EA769E6D-79EA-4DBD-8B88-7165C683194C}"
EndProject
Project("{FAE04EC0-301F-11D3-BF4B-00C04F79EFBC}") = "Day8FormDatabase", "Day8FormDatabase\Day8FormDatabase.csproj", "{8AF34326-57B7-47B5-8D89-72E62E614F70}"
EndProject
Project("{FAE04EC0-301F-11D3-BF4B-00C04F79EFBC}") = "WebApplication2", "WebApplication2\WebApplication2.csproj", "{D42E65B9-946C-46CA-A762-2B76544ABBFF}"
EndProject
Project("{FAE04EC0-301F-11D3-BF4B-00C04F79EFBC}") = "WebApplication4", "WebApplication4\WebApplication4.csproj", "{2A68B21B-046C-480C-B625-3330AF7F63D3}"
EndProject
Project("{FAE04EC0-301F-11D3-BF4B-00C04F79EFBC}") = "UnitTestProject1", "UnitTestProject1\UnitTestProject1.csproj", "{3187B078-CD3F-4B73-A086-C58C6A5EB667}"
EndProject
Project("{FAE04EC0-301F-11D3-BF4B-00C04F79EFBC}") = "Day12BusTicketBooking", "Day12BusTicketBooking\Day12BusTicketBooking.csproj", "{7CF49D0F-D331-4A35-BB00-4FEB0B8B92C4}"
EndProject
Project("{FAE04EC0-301F-11D3-BF4B-00C04F79EFBC}") = "ConsoleApp1", "ConsoleApp1\ConsoleApp1.csproj", "{1C79A968-229A-4686-8D55-497B27290E96}"
EndProject
Global
	GlobalSection(SolutionConfigurationPlatforms) = preSolution
		Debug|Any CPU = Debug|Any CPU
		Release|Any CPU = Release|Any CPU
	EndGlobalSection
	GlobalSection(ProjectConfigurationPlatforms) = postSolution
		{A5D36F58-437B-4679-8116-74FC4C4394AA}.Debug|Any CPU.ActiveCfg = Debug|Any CPU
		{A5D36F58-437B-4679-8116-74FC4C4394AA}.Debug|Any CPU.Build.0 = Debug|Any CPU
		{A5D36F58-437B-4679-8116-74FC4C4394AA}.Release|Any CPU.ActiveCfg = Release|Any CPU
		{A5D36F58-437B-4679-8116-74FC4C4394AA}.Release|Any CPU.Build.0 = Release|Any CPU
		{BC826006-1D91-411D-BF27-59D1BB39453C}.Debug|Any CPU.ActiveCfg = Debug|Any CPU
		{BC826006-1D91-411D-BF27-59D1BB39453C}.Debug|Any CPU.Build.0 = Debug|Any CPU
		{BC826006-1D91-411D-BF27-59D1BB39453C}.Release|Any CPU.ActiveCfg = Release|Any CPU
		{BC826006-1D91-411D-BF27-59D1BB39453C}.Release|Any CPU.Build.0 = Release|Any CPU
		{F2E350B9-7E8D-45B4-9468-78624A4C4A9E}.Debug|Any CPU.ActiveCfg = Debug|Any CPU
		{F2E350B9-7E8D-45B4-9468-78624A4C4A9E}.Debug|Any CPU.Build.0 = Debug|Any CPU
		{F2E350B9-7E8D-45B4-9468-78624A4C4A9E}.Release|Any CPU.ActiveCfg = Release|Any CPU
		{F2E350B9-7E8D-45B4-9468-78624A4C4A9E}.Release|Any CPU.Build.0 = Release|Any CPU
		{1463C4E3-72BD-4D29-95F1-84355CBB617D}.Debug|Any CPU.ActiveCfg = Debug|Any CPU
		{1463C4E3-72BD-4D29-95F1-84355CBB617D}.Debug|Any CPU.Build.0 = Debug|Any CPU
		{1463C4E3-72BD-4D29-95F1-84355CBB617D}.Release|Any CPU.ActiveCfg = Release|Any CPU
		{1463C4E3-72BD-4D29-95F1-84355CBB617D}.Release|Any CPU.Build.0 = Release|Any CPU
		{D594D3CC-F1A2-4F5F-A544-4C99AD954579}.Debug|Any CPU.ActiveCfg = Debug|Any CPU
		{D594D3CC-F1A2-4F5F-A544-4C99AD954579}.Debug|Any CPU.Build.0 = Debug|Any CPU
		{D594D3CC-F1A2-4F5F-A544-4C99AD954579}.Release|Any CPU.ActiveCfg = Release|Any CPU
		{D594D3CC-F1A2-4F5F-A544-4C99AD954579}.Release|Any CPU.Build.0 = Release|Any CPU
		{32054221-72C3-4CC2-8FE5-DD918325314F}.Debug|Any CPU.ActiveCfg = Debug|Any CPU
		{32054221-72C3-4CC2-8FE5-DD918325314F}.Debug|Any CPU.Build.0 = Debug|Any CPU
		{32054221-72C3-4CC2-8FE5-DD918325314F}.Release|Any CPU.ActiveCfg = Release|Any CPU
		{32054221-72C3-4CC2-8FE5-DD918325314F}.Release|Any CPU.Build.0 = Release|Any CPU
		{A7C02C18-AB4B-4B3E-B156-C957BB9210E4}.Debug|Any CPU.ActiveCfg = Debug|Any CPU
		{A7C02C18-AB4B-4B3E-B156-C957BB9210E4}.Debug|Any CPU.Build.0 = Debug|Any CPU
		{A7C02C18-AB4B-4B3E-B156-C957BB9210E4}.Release|Any CPU.ActiveCfg = Release|Any CPU
		{A7C02C18-AB4B-4B3E-B156-C957BB9210E4}.Release|Any CPU.Build.0 = Release|Any CPU
		{C8CF4E7A-37E0-4709-ADEB-B15BDD19DA20}.Debug|Any CPU.ActiveCfg = Debug|Any CPU
		{C8CF4E7A-37E0-4709-ADEB-B15BDD19DA20}.Debug|Any CPU.Build.0 = Debug|Any CPU
		{C8CF4E7A-37E0-4709-ADEB-B15BDD19DA20}.Release|Any CPU.ActiveCfg = Release|Any CPU
		{C8CF4E7A-37E0-4709-ADEB-B15BDD19DA20}.Release|Any CPU.Build.0 = Release|Any CPU
		{F5B57B7A-8715-41E1-BF05-527A1B03E208}.Debug|Any CPU.ActiveCfg = Debug|Any CPU
		{F5B57B7A-8715-41E1-BF05-527A1B03E208}.Debug|Any CPU.Build.0 = Debug|Any CPU
		{F5B57B7A-8715-41E1-BF05-527A1B03E208}.Release|Any CPU.ActiveCfg = Release|Any CPU
		{F5B57B7A-8715-41E1-BF05-527A1B03E208}.Release|Any CPU.Build.0 = Release|Any CPU
		{24E2AF75-55AE-4E29-8CF5-1B10B3D5A50A}.Debug|Any CPU.ActiveCfg = Debug|Any CPU
		{24E2AF75-55AE-4E29-8CF5-1B10B3D5A50A}.Debug|Any CPU.Build.0 = Debug|Any CPU
		{24E2AF75-55AE-4E29-8CF5-1B10B3D5A50A}.Release|Any CPU.ActiveCfg = Release|Any CPU
		{24E2AF75-55AE-4E29-8CF5-1B10B3D5A50A}.Release|Any CPU.Build.0 = Release|Any CPU
		{54EBAAA0-31B9-4BB3-87C3-50425DBD1E19}.Debug|Any CPU.ActiveCfg = Debug|Any CPU
		{54EBAAA0-31B9-4BB3-87C3-50425DBD1E19}.Debug|Any CPU.Build.0 = Debug|Any CPU
		{54EBAAA0-31B9-4BB3-87C3-50425DBD1E19}.Release|Any CPU.ActiveCfg = Release|Any CPU
		{54EBAAA0-31B9-4BB3-87C3-50425DBD1E19}.Release|Any CPU.Build.0 = Release|Any CPU
		{D8A8FE9E-AE91-4ADB-8A70-79147272B511}.Debug|Any CPU.ActiveCfg = Debug|Any CPU
		{D8A8FE9E-AE91-4ADB-8A70-79147272B511}.Debug|Any CPU.Build.0 = Debug|Any CPU
		{D8A8FE9E-AE91-4ADB-8A70-79147272B511}.Release|Any CPU.ActiveCfg = Release|Any CPU
		{D8A8FE9E-AE91-4ADB-8A70-79147272B511}.Release|Any CPU.Build.0 = Release|Any CPU
		{6D352D37-C5ED-4FEB-BC7C-5C0D9F727225}.Debug|Any CPU.ActiveCfg = Debug|Any CPU
		{6D352D37-C5ED-4FEB-BC7C-5C0D9F727225}.Debug|Any CPU.Build.0 = Debug|Any CPU
		{6D352D37-C5ED-4FEB-BC7C-5C0D9F727225}.Release|Any CPU.ActiveCfg = Release|Any CPU
		{6D352D37-C5ED-4FEB-BC7C-5C0D9F727225}.Release|Any CPU.Build.0 = Release|Any CPU
		{EA769E6D-79EA-4DBD-8B88-7165C683194C}.Debug|Any CPU.ActiveCfg = Debug|Any CPU
		{EA769E6D-79EA-4DBD-8B88-7165C683194C}.Debug|Any CPU.Build.0 = Debug|Any CPU
		{EA769E6D-79EA-4DBD-8B88-7165C683194C}.Release|Any CPU.ActiveCfg = Release|Any CPU
		{EA769E6D-79EA-4DBD-8B88-7165C683194C}.Release|Any CPU.Build.0 = Release|Any CPU
		{8AF34326-57B7-47B5-8D89-72E62E614F70}.Debug|Any CPU.ActiveCfg = Debug|Any CPU
		{8AF34326-57B7-47B5-8D89-72E62E614F70}.Debug|Any CPU.Build.0 = Debug|Any CPU
		{8AF34326-57B7-47B5-8D89-72E62E614F70}.Release|Any CPU.ActiveCfg = Release|Any CPU
		{8AF34326-57B7-47B5-8D89-72E62E614F70}.Release|Any CPU.Build.0 = Release|Any CPU
		{D42E65B9-946C-46CA-A762-2B76544ABBFF}.Debug|Any CPU.ActiveCfg = Debug|Any CPU
		{D42E65B9-946C-46CA-A762-2B76544ABBFF}.Debug|Any CPU.Build.0 = Debug|Any CPU
		{D42E65B9-946C-46CA-A762-2B76544ABBFF}.Release|Any CPU.ActiveCfg = Release|Any CPU
		{D42E65B9-946C-46CA-A762-2B76544ABBFF}.Release|Any CPU.Build.0 = Release|Any CPU
		{2A68B21B-046C-480C-B625-3330AF7F63D3}.Debug|Any CPU.ActiveCfg = Debug|Any CPU
		{2A68B21B-046C-480C-B625-3330AF7F63D3}.Debug|Any CPU.Build.0 = Debug|Any CPU
		{2A68B21B-046C-480C-B625-3330AF7F63D3}.Release|Any CPU.ActiveCfg = Release|Any CPU
		{2A68B21B-046C-480C-B625-3330AF7F63D3}.Release|Any CPU.Build.0 = Release|Any CPU
		{3187B078-CD3F-4B73-A086-C58C6A5EB667}.Debug|Any CPU.ActiveCfg = Debug|Any CPU
		{3187B078-CD3F-4B73-A086-C58C6A5EB667}.Debug|Any CPU.Build.0 = Debug|Any CPU
		{3187B078-CD3F-4B73-A086-C58C6A5EB667}.Release|Any CPU.ActiveCfg = Release|Any CPU
		{3187B078-CD3F-4B73-A086-C58C6A5EB667}.Release|Any CPU.Build.0 = Release|Any CPU
		{7CF49D0F-D331-4A35-BB00-4FEB0B8B92C4}.Debug|Any CPU.ActiveCfg = Debug|Any CPU
		{7CF49D0F-D331-4A35-BB00-4FEB0B8B92C4}.Debug|Any CPU.Build.0 = Debug|Any CPU
		{7CF49D0F-D331-4A35-BB00-4FEB0B8B92C4}.Release|Any CPU.ActiveCfg = Release|Any CPU
		{7CF49D0F-D331-4A35-BB00-4FEB0B8B92C4}.Release|Any CPU.Build.0 = Release|Any CPU
		{1C79A968-229A-4686-8D55-497B27290E96}.Debug|Any CPU.ActiveCfg = Debug|Any CPU
		{1C79A968-229A-4686-8D55-497B27290E96}.Debug|Any CPU.Build.0 = Debug|Any CPU
		{1C79A968-229A-4686-8D55-497B27290E96}.Release|Any CPU.ActiveCfg = Release|Any CPU
		{1C79A968-229A-4686-8D55-497B27290E96}.Release|Any CPU.Build.0 = Release|Any CPU
	EndGlobalSection
	GlobalSection(SolutionProperties) = preSolution
		HideSolutionNode = FALSE
	EndGlobalSection
	GlobalSection(ExtensibilityGlobals) = postSolution
		SolutionGuid = {55AC5F89-B494-41B2-BB4E-5A9CFA4E74EF}
	EndGlobalSection
EndGlobal
